
Microsoft Visual Studio Solution File, Format Version 12.00
# Visual Studio 15
VisualStudioVersion = 15.0.28307.902
MinimumVisualStudioVersion = 10.0.40219.1
Project("{FAE04EC0-301F-11D3-BF4B-00C04F79EFBC}") = "ShechterShoppingList", "ShechterShoppingList\ShechterShoppingList.csproj", "{964E4BD8-074F-4E07-9BA9-0941D879B873}"
EndProject
Global
	GlobalSection(SolutionConfigurationPlatforms) = preSolution
		Debug|Any CPU = Debug|Any CPU
		Release|Any CPU = Release|Any CPU
	EndGlobalSection
	GlobalSection(ProjectConfigurationPlatforms) = postSolution
		{964E4BD8-074F-4E07-9BA9-0941D879B873}.Debug|Any CPU.ActiveCfg = Debug|Any CPU
		{964E4BD8-074F-4E07-9BA9-0941D879B873}.Debug|Any CPU.Build.0 = Debug|Any CPU
		{964E4BD8-074F-4E07-9BA9-0941D879B873}.Release|Any CPU.ActiveCfg = Release|Any CPU
		{964E4BD8-074F-4E07-9BA9-0941D879B873}.Release|Any CPU.Build.0 = Release|Any CPU
	EndGlobalSection
	GlobalSection(SolutionProperties) = preSolution
		HideSolutionNode = FALSE
	EndGlobalSection
	GlobalSection(ExtensibilityGlobals) = postSolution
		SolutionGuid = {5475D4FA-B9E4-4BA4-88D2-F1E52BF4ABFC}
	EndGlobalSection
EndGlobal
